
Microsoft Visual Studio Solution File, Format Version 12.00
# Visual Studio Version 16
VisualStudioVersion = 16.0.30717.126
MinimumVisualStudioVersion = 10.0.40219.1
Project("{9A19103F-16F7-4668-BE54-9A1E7A4F7556}") = "AuthServer", "AuthServer\AuthServer.csproj", "{DCC5F8BB-5EE5-4DA8-BE6C-1EC0619C7052}"
EndProject
Project("{9A19103F-16F7-4668-BE54-9A1E7A4F7556}") = "AuthServer.Postgresql", "AuthServer.Postgresql\AuthServer.Postgresql.csproj", "{02065723-0518-485E-B4B8-90C6DE29C842}"
EndProject
Project("{9A19103F-16F7-4668-BE54-9A1E7A4F7556}") = "WebApiSample", "WebApiSample\WebApiSample.csproj", "{EC4F001E-D9FA-42DB-9AC8-587F2A522502}"
EndProject
Project("{9A19103F-16F7-4668-BE54-9A1E7A4F7556}") = "WebApiSampleCasbin", "WebApiSampleCasbin\WebApiSampleCasbin.csproj", "{2DE0402B-5351-42E3-9444-83BE4BF19AA6}"
EndProject
Project("{FAE04EC0-301F-11D3-BF4B-00C04F79EFBC}") = "Common", "Common\Common.csproj", "{54E0106A-D036-41B4-9F85-844F7C792B89}"
EndProject
Global
	GlobalSection(SolutionConfigurationPlatforms) = preSolution
		Debug|Any CPU = Debug|Any CPU
		Release|Any CPU = Release|Any CPU
	EndGlobalSection
	GlobalSection(ProjectConfigurationPlatforms) = postSolution
		{DCC5F8BB-5EE5-4DA8-BE6C-1EC0619C7052}.Debug|Any CPU.ActiveCfg = Debug|Any CPU
		{DCC5F8BB-5EE5-4DA8-BE6C-1EC0619C7052}.Debug|Any CPU.Build.0 = Debug|Any CPU
		{DCC5F8BB-5EE5-4DA8-BE6C-1EC0619C7052}.Release|Any CPU.ActiveCfg = Release|Any CPU
		{DCC5F8BB-5EE5-4DA8-BE6C-1EC0619C7052}.Release|Any CPU.Build.0 = Release|Any CPU
		{02065723-0518-485E-B4B8-90C6DE29C842}.Debug|Any CPU.ActiveCfg = Debug|Any CPU
		{02065723-0518-485E-B4B8-90C6DE29C842}.Debug|Any CPU.Build.0 = Debug|Any CPU
		{02065723-0518-485E-B4B8-90C6DE29C842}.Release|Any CPU.ActiveCfg = Release|Any CPU
		{02065723-0518-485E-B4B8-90C6DE29C842}.Release|Any CPU.Build.0 = Release|Any CPU
		{EC4F001E-D9FA-42DB-9AC8-587F2A522502}.Debug|Any CPU.ActiveCfg = Debug|Any CPU
		{EC4F001E-D9FA-42DB-9AC8-587F2A522502}.Debug|Any CPU.Build.0 = Debug|Any CPU
		{EC4F001E-D9FA-42DB-9AC8-587F2A522502}.Release|Any CPU.ActiveCfg = Release|Any CPU
		{EC4F001E-D9FA-42DB-9AC8-587F2A522502}.Release|Any CPU.Build.0 = Release|Any CPU
		{2DE0402B-5351-42E3-9444-83BE4BF19AA6}.Debug|Any CPU.ActiveCfg = Debug|Any CPU
		{2DE0402B-5351-42E3-9444-83BE4BF19AA6}.Debug|Any CPU.Build.0 = Debug|Any CPU
		{2DE0402B-5351-42E3-9444-83BE4BF19AA6}.Release|Any CPU.ActiveCfg = Release|Any CPU
		{2DE0402B-5351-42E3-9444-83BE4BF19AA6}.Release|Any CPU.Build.0 = Release|Any CPU
		{54E0106A-D036-41B4-9F85-844F7C792B89}.Debug|Any CPU.ActiveCfg = Debug|Any CPU
		{54E0106A-D036-41B4-9F85-844F7C792B89}.Debug|Any CPU.Build.0 = Debug|Any CPU
		{54E0106A-D036-41B4-9F85-844F7C792B89}.Release|Any CPU.ActiveCfg = Release|Any CPU
		{54E0106A-D036-41B4-9F85-844F7C792B89}.Release|Any CPU.Build.0 = Release|Any CPU
	EndGlobalSection
	GlobalSection(SolutionProperties) = preSolution
		HideSolutionNode = FALSE
	EndGlobalSection
	GlobalSection(ExtensibilityGlobals) = postSolution
		SolutionGuid = {F9466B9F-2EB5-46D6-B605-D13F476205EC}
	EndGlobalSection
EndGlobal
